
Microsoft Visual Studio Solution File, Format Version 12.00
# Visual Studio Version 17
VisualStudioVersion = 17.8.34330.188
MinimumVisualStudioVersion = 10.0.40219.1
Project("{FAE04EC0-301F-11D3-BF4B-00C04F79EFBC}") = "Tests", "Tests\Tests.csproj", "{7891FB35-ACC5-4008-80ED-586EB84177B2}"
EndProject
Project("{FAE04EC0-301F-11D3-BF4B-00C04F79EFBC}") = "Functional", "Functional\Functional.csproj", "{026A8518-8FB0-4F10-B9E4-F847D99CD76D}"
EndProject
Global
	GlobalSection(SolutionConfigurationPlatforms) = preSolution
		Debug|Any CPU = Debug|Any CPU
		Release|Any CPU = Release|Any CPU
	EndGlobalSection
	GlobalSection(ProjectConfigurationPlatforms) = postSolution
		{7891FB35-ACC5-4008-80ED-586EB84177B2}.Debug|Any CPU.ActiveCfg = Debug|Any CPU
		{7891FB35-ACC5-4008-80ED-586EB84177B2}.Debug|Any CPU.Build.0 = Debug|Any CPU
		{7891FB35-ACC5-4008-80ED-586EB84177B2}.Release|Any CPU.ActiveCfg = Release|Any CPU
		{7891FB35-ACC5-4008-80ED-586EB84177B2}.Release|Any CPU.Build.0 = Release|Any CPU
		{026A8518-8FB0-4F10-B9E4-F847D99CD76D}.Debug|Any CPU.ActiveCfg = Debug|Any CPU
		{026A8518-8FB0-4F10-B9E4-F847D99CD76D}.Debug|Any CPU.Build.0 = Debug|Any CPU
		{026A8518-8FB0-4F10-B9E4-F847D99CD76D}.Release|Any CPU.ActiveCfg = Release|Any CPU
		{026A8518-8FB0-4F10-B9E4-F847D99CD76D}.Release|Any CPU.Build.0 = Release|Any CPU
	EndGlobalSection
	GlobalSection(SolutionProperties) = preSolution
		HideSolutionNode = FALSE
	EndGlobalSection
	GlobalSection(ExtensibilityGlobals) = postSolution
		SolutionGuid = {80FDE39C-F2AD-4DD5-BAFB-D77506459EE5}
	EndGlobalSection
EndGlobal
